
Microsoft Visual Studio Solution File, Format Version 12.00
# Visual Studio Version 17
VisualStudioVersion = 17.3.32901.215
MinimumVisualStudioVersion = 10.0.40219.1
Project("{FAE04EC0-301F-11D3-BF4B-00C04F79EFBC}") = "practiceIp", "practiceIp.csproj", "{C31D050E-6050-43A2-AA5B-F3566F523225}"
EndProject
Global
	GlobalSection(SolutionConfigurationPlatforms) = preSolution
		Debug|Any CPU = Debug|Any CPU
		Release|Any CPU = Release|Any CPU
	EndGlobalSection
	GlobalSection(ProjectConfigurationPlatforms) = postSolution
		{C31D050E-6050-43A2-AA5B-F3566F523225}.Debug|Any CPU.ActiveCfg = Debug|Any CPU
		{C31D050E-6050-43A2-AA5B-F3566F523225}.Debug|Any CPU.Build.0 = Debug|Any CPU
		{C31D050E-6050-43A2-AA5B-F3566F523225}.Release|Any CPU.ActiveCfg = Release|Any CPU
		{C31D050E-6050-43A2-AA5B-F3566F523225}.Release|Any CPU.Build.0 = Release|Any CPU
	EndGlobalSection
	GlobalSection(SolutionProperties) = preSolution
		HideSolutionNode = FALSE
	EndGlobalSection
	GlobalSection(ExtensibilityGlobals) = postSolution
		SolutionGuid = {84A6C70C-7233-4922-A222-1170E257E674}
	EndGlobalSection
EndGlobal
